
Microsoft Visual Studio Solution File, Format Version 12.00
# Visual Studio Version 16
VisualStudioVersion = 16.0.30420.98
MinimumVisualStudioVersion = 10.0.40219.1
Project("{9A19103F-16F7-4668-BE54-9A1E7A4F7556}") = "dotnetnotts", "dotnetnotts.csproj", "{A62F70DC-BA0C-4694-AC00-BDC2BA207480}"
EndProject
Global
	GlobalSection(SolutionConfigurationPlatforms) = preSolution
		Debug|Any CPU = Debug|Any CPU
		Release|Any CPU = Release|Any CPU
	EndGlobalSection
	GlobalSection(ProjectConfigurationPlatforms) = postSolution
		{A62F70DC-BA0C-4694-AC00-BDC2BA207480}.Debug|Any CPU.ActiveCfg = Debug|Any CPU
		{A62F70DC-BA0C-4694-AC00-BDC2BA207480}.Debug|Any CPU.Build.0 = Debug|Any CPU
		{A62F70DC-BA0C-4694-AC00-BDC2BA207480}.Release|Any CPU.ActiveCfg = Release|Any CPU
		{A62F70DC-BA0C-4694-AC00-BDC2BA207480}.Release|Any CPU.Build.0 = Release|Any CPU
	EndGlobalSection
	GlobalSection(SolutionProperties) = preSolution
		HideSolutionNode = FALSE
	EndGlobalSection
	GlobalSection(ExtensibilityGlobals) = postSolution
		SolutionGuid = {21CD69EC-F166-416B-AF4F-E597A701ACFE}
	EndGlobalSection
EndGlobal
